
Microsoft Visual Studio Solution File, Format Version 12.00
# Visual Studio Version 16
VisualStudioVersion = 16.0.31515.178
MinimumVisualStudioVersion = 10.0.40219.1
Project("{FAE04EC0-301F-11D3-BF4B-00C04F79EFBC}") = "CSVHelperandJson", "CSVHelperandJson\CSVHelperandJson.csproj", "{C5B3D60D-3B2C-4AB9-92C7-D6B1816C5F24}"
EndProject
Global
	GlobalSection(SolutionConfigurationPlatforms) = preSolution
		Debug|Any CPU = Debug|Any CPU
		Release|Any CPU = Release|Any CPU
	EndGlobalSection
	GlobalSection(ProjectConfigurationPlatforms) = postSolution
		{C5B3D60D-3B2C-4AB9-92C7-D6B1816C5F24}.Debug|Any CPU.ActiveCfg = Debug|Any CPU
		{C5B3D60D-3B2C-4AB9-92C7-D6B1816C5F24}.Debug|Any CPU.Build.0 = Debug|Any CPU
		{C5B3D60D-3B2C-4AB9-92C7-D6B1816C5F24}.Release|Any CPU.ActiveCfg = Release|Any CPU
		{C5B3D60D-3B2C-4AB9-92C7-D6B1816C5F24}.Release|Any CPU.Build.0 = Release|Any CPU
	EndGlobalSection
	GlobalSection(SolutionProperties) = preSolution
		HideSolutionNode = FALSE
	EndGlobalSection
	GlobalSection(ExtensibilityGlobals) = postSolution
		SolutionGuid = {9906DA49-5ED7-4D4F-AFEC-05114ECC8942}
	EndGlobalSection
EndGlobal
